
Microsoft Visual Studio Solution File, Format Version 12.00
# Visual Studio Version 16
VisualStudioVersion = 16.0.30907.101
MinimumVisualStudioVersion = 10.0.40219.1
Project("{FAE04EC0-301F-11D3-BF4B-00C04F79EFBC}") = "FirstResponsiveWebAppStalcup", "FirstResponsiveWebAppStalcup\FirstResponsiveWebAppStalcup.csproj", "{2D0F27A0-BA95-4BB9-991D-855D8A3B5555}"
EndProject
Global
	GlobalSection(SolutionConfigurationPlatforms) = preSolution
		Debug|Any CPU = Debug|Any CPU
		Release|Any CPU = Release|Any CPU
	EndGlobalSection
	GlobalSection(ProjectConfigurationPlatforms) = postSolution
		{2D0F27A0-BA95-4BB9-991D-855D8A3B5555}.Debug|Any CPU.ActiveCfg = Debug|Any CPU
		{2D0F27A0-BA95-4BB9-991D-855D8A3B5555}.Debug|Any CPU.Build.0 = Debug|Any CPU
		{2D0F27A0-BA95-4BB9-991D-855D8A3B5555}.Release|Any CPU.ActiveCfg = Release|Any CPU
		{2D0F27A0-BA95-4BB9-991D-855D8A3B5555}.Release|Any CPU.Build.0 = Release|Any CPU
	EndGlobalSection
	GlobalSection(SolutionProperties) = preSolution
		HideSolutionNode = FALSE
	EndGlobalSection
	GlobalSection(ExtensibilityGlobals) = postSolution
		SolutionGuid = {D5D1BB19-C750-4EE1-A8CD-0F56405F3A57}
	EndGlobalSection
EndGlobal
